
Microsoft Visual Studio Solution File, Format Version 12.00
# Visual Studio Version 17
VisualStudioVersion = 17.2.32616.157
MinimumVisualStudioVersion = 10.0.40219.1
Project("{54A90642-561A-4BB1-A94E-469ADEE60C69}") = "gflindexfrontend", "GFLIndexFrontend\gflindexfrontend.esproj", "{F864ED0F-D38D-451E-BB63-457C22F376F5}"
EndProject
Project("{FAE04EC0-301F-11D3-BF4B-00C04F79EFBC}") = "GFLIndexBackend", "GFLIndexBackend\GFLIndexBackend.csproj", "{70576B2F-C8C3-4EFC-BBB6-1D80AEC6C3F4}"
EndProject
Global
	GlobalSection(SolutionConfigurationPlatforms) = preSolution
		Debug|Any CPU = Debug|Any CPU
		Release|Any CPU = Release|Any CPU
	EndGlobalSection
	GlobalSection(ProjectConfigurationPlatforms) = postSolution
		{F864ED0F-D38D-451E-BB63-457C22F376F5}.Debug|Any CPU.ActiveCfg = Debug|Any CPU
		{F864ED0F-D38D-451E-BB63-457C22F376F5}.Debug|Any CPU.Build.0 = Debug|Any CPU
		{F864ED0F-D38D-451E-BB63-457C22F376F5}.Debug|Any CPU.Deploy.0 = Debug|Any CPU
		{F864ED0F-D38D-451E-BB63-457C22F376F5}.Release|Any CPU.ActiveCfg = Release|Any CPU
		{F864ED0F-D38D-451E-BB63-457C22F376F5}.Release|Any CPU.Build.0 = Release|Any CPU
		{F864ED0F-D38D-451E-BB63-457C22F376F5}.Release|Any CPU.Deploy.0 = Release|Any CPU
		{70576B2F-C8C3-4EFC-BBB6-1D80AEC6C3F4}.Debug|Any CPU.ActiveCfg = Debug|Any CPU
		{70576B2F-C8C3-4EFC-BBB6-1D80AEC6C3F4}.Debug|Any CPU.Build.0 = Debug|Any CPU
		{70576B2F-C8C3-4EFC-BBB6-1D80AEC6C3F4}.Release|Any CPU.ActiveCfg = Release|Any CPU
		{70576B2F-C8C3-4EFC-BBB6-1D80AEC6C3F4}.Release|Any CPU.Build.0 = Release|Any CPU
	EndGlobalSection
	GlobalSection(SolutionProperties) = preSolution
		HideSolutionNode = FALSE
	EndGlobalSection
	GlobalSection(ExtensibilityGlobals) = postSolution
		SolutionGuid = {4A61B7E0-3475-4988-8915-DF5D1E4B6D9A}
	EndGlobalSection
EndGlobal
